{
  "name": "fusionsite",
  "lockfileVersion": 3,
  "requires": true,
  "packages": {
    "": {
      "dependencies": {
        "gitbook-plugin-remove-published-with-link": "^1.0.3"
      }
    },
    "node_modules/gitbook-plugin-remove-published-with-link": {
      "version": "1.0.3",
      "resolved": "https://registry.npmjs.org/gitbook-plugin-remove-published-with-link/-/gitbook-plugin-remove-published-with-link-1.0.3.tgz",
      "integrity": "sha512-T8YYOrn0j/zUFJpz8jRkDoOQvPA5OKCjZAH1O0hamKmwNZRz2NeBig39uMH5W15rixcGFKqwGPVOfRZNfNDJzQ==",
      "engines": {
        "gitbook": ">1.x.x"
      }
    }
  }
}
